{
  "name": "local_storage",
  "lockfileVersion": 3,
  "requires": true,
  "packages": {
    "": {
      "name": "local_storage",
      "dependencies": {
        "dompurify": "^2.0.0"
      }
    },
    "node_modules/dompurify": {
      "version": "2.5.7",
      "resolved": "https://registry.npmjs.org/dompurify/-/dompurify-2.5.7.tgz",
      "integrity": "sha512-2q4bEI+coQM8f5ez7kt2xclg1XsecaV9ASJk/54vwlfRRNQfDqJz2pzQ8t0Ix/ToBpXlVjrRIx7pFC/o8itG2Q==",
      "license": "(MPL-2.0 OR Apache-2.0)"
    }
  }
}
